{
  "version": 4,
  "terraform_version": "1.13.3",
  "serial": 8,
  "lineage": "0469e23c-02b3-023a-de11-81963879007e",
  "outputs": {},
  "resources": [
    {
      "module": "module.compute",
      "mode": "data",
      "type": "google_compute_image",
      "name": "ubuntu",
      "provider": "provider[\"registry.terraform.io/hashicorp/google\"]",
      "instances": [
        {
          "schema_version": 0,
          "attributes": {
            "archive_size_bytes": 63898864000,
            "creation_timestamp": "2026-08-20T06:17:20.257-07:00",
            "description": "Canonical, Ubuntu, 22.04 LTS, amd64 jammy image built on 2026-08-20",
            "disk_size_gb": 10,
            "family": "ubuntu-2204-lts",
            "filter": null,
            "id": "projects/ubuntu-os-cloud/global/images/ubuntu-2204-jammy-v20260820",
            "image_encryption_key_sha256": "",
            "image_id": "6494416155768996016",
            "label_fingerprint": "iNBmVNCFF9w=",
            "labels": {
              "public-image": "true"
            },
            "licenses": [
              "https://www.googleapis.com/compute/v1/projects/ubuntu-os-cloud/global/licenses/ubuntu-2204-lts"
            ],
            "most_recent": false,
            "name": "ubuntu-2204-jammy-v20260820",
            "project": "ubuntu-os-cloud",
            "self_link": "https://www.googleapis.com/compute/v1/projects/ubuntu-os-cloud/global/images/ubuntu-2204-jammy-v20260820",
            "source_disk": "",
            "source_disk_encryption_key_sha256": "",
            "source_disk_id": "",
            "source_image_id": "",
            "status": "READY"
          },
          "sensitive_attributes": [],
          "identity_schema_version": 0
        }
      ]
    },
    {
      "module": "module.compute",
      "mode": "managed",
      "type": "google_compute_instance_group_manager",
      "name": "iac_instance_group",
      "provider": "provider[\"registry.terraform.io/hashicorp/google\"]",
      "instances": [
        {
          "schema_version": 0,
          "attributes": {
            "all_instances_config": [],
            "auto_healing_policies": [
              {
                "health_check": "https://www.googleapis.com/compute/v1/projects/iac-selfhealing/global/healthChecks/iac-health-check",
                "initial_delay_sec": 300
              }
            ],
            "base_instance_name": "iac-instance-",
            "creation_timestamp": "2026-08-25T20:30:53.156-07:00",
            "deletion_policy": "DELETE",
            "description": "",
            "fingerprint": "c2qf1byGVXM=",
            "id": "projects/iac-selfhealing/zones/australia-southeast1-a/instanceGroupManagers/iac-mig",
            "instance_group": "https://www.googleapis.com/compute/v1/projects/iac-selfhealing/zones/australia-southeast1-a/instanceGroups/iac-mig",
            "instance_group_manager_id": 9045112463093392130,
            "instance_lifecycle_policy": [
              {
                "default_action_on_failure": "REPAIR",
                "force_update_on_repair": "NO",
                "on_failed_health_check": "DEFAULT_ACTION",
                "on_repair": []
              }
            ],
            "list_managed_instances_results": "PAGELESS",
            "name": "iac-mig",
            "named_port": [
              {
                "name": "http",
                "port": 80
              }
            ],
            "operation": null,
            "project": "iac-selfhealing",
            "resource_policies": [],
            "self_link": "https://www.googleapis.com/compute/v1/projects/iac-selfhealing/zones/australia-southeast1-a/instanceGroupManagers/iac-mig",
            "standby_policy": [
              {
                "initial_delay_sec": 0,
                "mode": "MANUAL"
              }
            ],
            "stateful_disk": [],
            "stateful_external_ip": [],
            "stateful_internal_ip": [],
            "status": [
              {
                "all_instances_config": [
                  {
                    "current_revision": "",
                    "effective": true
                  }
                ],
                "is_stable": false,
                "stateful": [
                  {
                    "has_stateful_config": false,
                    "per_instance_configs": [
                      {
                        "all_effective": true
                      }
                    ]
                  }
                ],
                "version_target": [
                  {
                    "is_reached": true
                  }
                ]
              }
            ],
            "target_pools": null,
            "target_size": 2,
            "target_size_policy": [
              {
                "mode": "INDIVIDUAL"
              }
            ],
            "target_stopped_size": 0,
            "target_suspended_size": 0,
            "timeouts": null,
            "update_policy": [
              {
                "max_surge_fixed": 1,
                "max_surge_percent": 0,
                "max_unavailable_fixed": 1,
                "max_unavailable_percent": 0,
                "minimal_action": "REPLACE",
                "most_disruptive_allowed_action": "",
                "replacement_method": "SUBSTITUTE",
                "type": "OPPORTUNISTIC"
              }
            ],
            "version": [
              {
                "instance_template": "https://www.googleapis.com/compute/v1/projects/iac-selfhealing/global/instanceTemplates/iac-instance-template",
                "name": "v1",
                "target_size": []
              }
            ],
            "wait_for_instances": false,
            "wait_for_instances_status": "STABLE",
            "zone": "australia-southeast1-a"
          },
          "sensitive_attributes": [],
          "identity_schema_version": 0,
          "private": "eyJlMmJmYjczMC1lY2FhLTExZTYtOGY4OC0zNDM2M2JjN2M0YzAiOnsiY3JlYXRlIjo5MDAwMDAwMDAwMDAsImRlbGV0ZSI6OTAwMDAwMDAwMDAwLCJ1cGRhdGUiOjkwMDAwMDAwMDAwMH19",
          "dependencies": [
            "module.compute.data.google_compute_image.ubuntu",
            "module.compute.google_compute_instance_template.iac_instance_template",
            "module.healthcheck.google_compute_health_check.iac_health_check",
            "module.networking.google_compute_network.iac_vnetwork",
            "module.networking.google_compute_subnetwork.iac_subnet"
          ]
        }
      ]
    },
    {
      "module": "module.compute",
      "mode": "managed",
      "type": "google_compute_instance_template",
      "name": "iac_instance_template",
      "provider": "provider[\"registry.terraform.io/hashicorp/google\"]",
      "instances": [
        {
          "schema_version": 1,
          "attributes": {
            "advanced_machine_features": [],
            "can_ip_forward": false,
            "confidential_instance_config": null,
            "creation_timestamp": "2026-08-25T20:30:48.957-07:00",
            "description": "",
            "disk": [
              {
                "architecture": "",
                "auto_delete": true,
                "boot": true,
                "device_name": "persistent-disk-0",
                "disk_encryption_key": [],
                "disk_name": "",
                "disk_size_gb": 0,
                "disk_type": "pd-standard",
                "guest_os_features": null,
                "interface": "",
                "labels": null,
                "mode": "READ_WRITE",
                "provisioned_iops": 0,
                "provisioned_throughput": 0,
                "resource_manager_tags": null,
                "resource_policies": null,
                "source": "",
                "source_image": "projects/ubuntu-os-cloud/global/images/ubuntu-2204-jammy-v20260820",
                "source_image_encryption_key": [],
                "source_snapshot": "",
                "source_snapshot_encryption_key": [],
                "storage_pool": "",
                "type": "PERSISTENT"
              }
            ],
            "effective_labels": {
              "goog-terraform-provisioned": "true"
            },
            "guest_accelerator": [],
            "id": "projects/iac-selfhealing/global/instanceTemplates/iac-instance-template",
            "instance_description": "",
            "key_revocation_action_type": "",
            "labels": null,
            "machine_type": "e2-micro",
            "metadata": {
              "startup-script": "#!/bin/bash\napt-get update\napt-get install -y nginx\n\nsystemctl enable nginx\nsystemctl start nginx\n\n\necho \"Hello from Google Cloud!\" \u003e /var/www/html/index.html"
            },
            "metadata_fingerprint": "p7Dnvi-sB7I=",
            "metadata_startup_script": null,
            "min_cpu_platform": "",
            "name": "iac-instance-template",
            "name_prefix": null,
            "network_interface": [
              {
                "access_config": [
                  {
                    "nat_ip": "",
                    "network_tier": "PREMIUM",
                    "public_ptr_domain_name": ""
                  }
                ],
                "alias_ip_range": [],
                "igmp_query": "",
                "internal_ipv6_prefix_length": 0,
                "ipv6_access_config": [],
                "ipv6_access_type": "",
                "ipv6_address": "",
                "name": "nic0",
                "network": "https://www.googleapis.com/compute/v1/projects/iac-selfhealing/global/networks/iac-vnetwork",
                "network_attachment": "",
                "network_ip": "",
                "nic_type": "",
                "parent_nic_name": "",
                "queue_count": 0,
                "stack_type": "",
                "subnetwork": "https://www.googleapis.com/compute/v1/projects/iac-selfhealing/regions/australia-southeast1/subnetworks/iac-subnet",
                "subnetwork_project": "iac-selfhealing",
                "vlan": 0
              }
            ],
            "network_performance_config": [],
            "numeric_id": "2167942435678970634",
            "project": "iac-selfhealing",
            "region": "australia-southeast1",
            "reservation_affinity": [],
            "resource_manager_tags": null,
            "resource_policies": null,
            "scheduling": [
              {
                "automatic_restart": true,
                "availability_domain": 0,
                "host_error_timeout_seconds": 0,
                "instance_termination_action": "",
                "local_ssd_recovery_timeout": [],
                "max_run_duration": [],
                "min_node_cpus": 0,
                "node_affinities": [],
                "on_host_maintenance": "MIGRATE",
                "on_instance_stop_action": [],
                "preemptible": false,
                "provisioning_model": "STANDARD",
                "termination_time": ""
              }
            ],
            "self_link": "https://www.googleapis.com/compute/v1/projects/iac-selfhealing/global/instanceTemplates/iac-instance-template",
            "self_link_unique": "https://www.googleapis.com/compute/v1/projects/iac-selfhealing/global/instanceTemplates/iac-instance-template?uniqueId=2167942435678970634",
            "service_account": [],
            "shielded_instance_config": [],
            "tags": [
              "web-server"
            ],
            "tags_fingerprint": "",
            "terraform_labels": {
              "goog-terraform-provisioned": "true"
            },
            "timeouts": null,
            "workload_identity_config": []
          },
          "sensitive_attributes": [],
          "identity_schema_version": 0,
          "private": "eyJlMmJmYjczMC1lY2FhLTExZTYtOGY4OC0zNDM2M2JjN2M0YzAiOnsiY3JlYXRlIjoyNDAwMDAwMDAwMDAsImRlbGV0ZSI6MjQwMDAwMDAwMDAwfSwic2NoZW1hX3ZlcnNpb24iOiIxIn0=",
          "dependencies": [
            "module.compute.data.google_compute_image.ubuntu",
            "module.networking.google_compute_network.iac_vnetwork",
            "module.networking.google_compute_subnetwork.iac_subnet"
          ]
        }
      ]
    },
    {
      "module": "module.healthcheck",
      "mode": "managed",
      "type": "google_compute_health_check",
      "name": "iac_health_check",
      "provider": "provider[\"registry.terraform.io/hashicorp/google\"]",
      "instances": [
        {
          "schema_version": 0,
          "attributes": {
            "check_interval_sec": 5,
            "creation_timestamp": "2026-08-25T20:29:49.193-07:00",
            "deletion_policy": "DELETE",
            "description": "",
            "grpc_health_check": [],
            "grpc_tls_health_check": [],
            "healthy_threshold": 2,
            "http2_health_check": [],
            "http_health_check": [
              {
                "host": "",
                "port": 80,
                "port_name": "",
                "port_specification": "",
                "proxy_header": "NONE",
                "request_path": "/",
                "response": ""
              }
            ],
            "https_health_check": [],
            "id": "projects/iac-selfhealing/global/healthChecks/iac-health-check",
            "log_config": [
              {
                "enable": false
              }
            ],
            "name": "iac-health-check",
            "project": "iac-selfhealing",
            "self_link": "https://www.googleapis.com/compute/v1/projects/iac-selfhealing/global/healthChecks/iac-health-check",
            "source_regions": null,
            "ssl_health_check": [],
            "tcp_health_check": [],
            "timeout_sec": 5,
            "timeouts": null,
            "type": "HTTP",
            "unhealthy_threshold": 2
          },
          "sensitive_attributes": [],
          "identity_schema_version": 1,
          "identity": {
            "name": "iac-health-check",
            "project": "iac-selfhealing"
          },
          "private": "eyJlMmJmYjczMC1lY2FhLTExZTYtOGY4OC0zNDM2M2JjN2M0YzAiOnsiY3JlYXRlIjoxMjAwMDAwMDAwMDAwLCJkZWxldGUiOjEyMDAwMDAwMDAwMDAsInVwZGF0ZSI6MTIwMDAwMDAwMDAwMH19"
        }
      ]
    },
    {
      "module": "module.networking",
      "mode": "managed",
      "type": "google_compute_network",
      "name": "iac_vnetwork",
      "provider": "provider[\"registry.terraform.io/hashicorp/google\"]",
      "instances": [
        {
          "schema_version": 0,
          "attributes": {
            "auto_create_subnetworks": false,
            "bgp_always_compare_med": false,
            "bgp_best_path_selection_mode": "LEGACY",
            "bgp_inter_region_cost": "",
            "delete_bgp_always_compare_med": false,
            "delete_default_routes_on_create": false,
            "deletion_policy": "DELETE",
            "description": "",
            "enable_ula_internal_ipv6": false,
            "gateway_ipv4": "",
            "id": "projects/iac-selfhealing/global/networks/iac-vnetwork",
            "internal_ipv6_range": "",
            "mtu": 0,
            "name": "iac-vnetwork",
            "network_firewall_policy_enforcement_order": "AFTER_CLASSIC_FIREWALL",
            "network_id": "3458885171064070978",
            "network_profile": "",
            "numeric_id": "3458885171064070978",
            "params": [],
            "project": "iac-selfhealing",
            "routing_mode": "REGIONAL",
            "self_link": "https://www.googleapis.com/compute/v1/projects/iac-selfhealing/global/networks/iac-vnetwork",
            "timeouts": null
          },
          "sensitive_attributes": [],
          "identity_schema_version": 1,
          "identity": {
            "name": "iac-vnetwork",
            "project": "iac-selfhealing"
          },
          "private": "eyJlMmJmYjczMC1lY2FhLTExZTYtOGY4OC0zNDM2M2JjN2M0YzAiOnsiY3JlYXRlIjoxMjAwMDAwMDAwMDAwLCJkZWxldGUiOjEyMDAwMDAwMDAwMDAsInVwZGF0ZSI6MTIwMDAwMDAwMDAwMH19"
        }
      ]
    },
    {
      "module": "module.networking",
      "mode": "managed",
      "type": "google_compute_subnetwork",
      "name": "iac_subnet",
      "provider": "provider[\"registry.terraform.io/hashicorp/google\"]",
      "instances": [
        {
          "schema_version": 0,
          "attributes": {
            "allow_subnet_cidr_routes_overlap": false,
            "creation_timestamp": "2026-08-25T20:30:18.761-07:00",
            "deletion_policy": "DELETE",
            "description": "",
            "external_ipv6_prefix": "",
            "fingerprint": null,
            "gateway_address": "10.10.0.1",
            "id": "projects/iac-selfhealing/regions/australia-southeast1/subnetworks/iac-subnet",
            "internal_ipv6_prefix": "",
            "ip_cidr_range": "10.10.0.0/24",
            "ip_collection": "",
            "ipv6_access_type": "",
            "ipv6_cidr_range": "",
            "ipv6_gce_endpoint": "",
            "log_config": [],
            "name": "iac-subnet",
            "network": "https://www.googleapis.com/compute/v1/projects/iac-selfhealing/global/networks/iac-vnetwork",
            "params": [],
            "private_ip_google_access": false,
            "private_ipv6_google_access": "DISABLE_GOOGLE_ACCESS",
            "project": "iac-selfhealing",
            "purpose": "PRIVATE",
            "region": "australia-southeast1",
            "reserved_internal_range": "",
            "resolve_subnet_mask": "",
            "role": "",
            "secondary_ip_range": [],
            "self_link": "https://www.googleapis.com/compute/v1/projects/iac-selfhealing/regions/australia-southeast1/subnetworks/iac-subnet",
            "send_secondary_ip_range_if_empty": null,
            "stack_type": "IPV4_ONLY",
            "state": "",
            "subnetwork_id": 7837992830602830629,
            "timeouts": null
          },
          "sensitive_attributes": [],
          "identity_schema_version": 1,
          "identity": {
            "name": "iac-subnet",
            "project": "iac-selfhealing",
            "region": "australia-southeast1"
          },
          "private": "eyJlMmJmYjczMC1lY2FhLTExZTYtOGY4OC0zNDM2M2JjN2M0YzAiOnsiY3JlYXRlIjoxMjAwMDAwMDAwMDAwLCJkZWxldGUiOjEyMDAwMDAwMDAwMDAsInVwZGF0ZSI6MTIwMDAwMDAwMDAwMH19",
          "dependencies": [
            "module.networking.google_compute_network.iac_vnetwork"
          ]
        }
      ]
    },
    {
      "module": "module.security",
      "mode": "managed",
      "type": "google_compute_firewall",
      "name": "iac_firewall",
      "provider": "provider[\"registry.terraform.io/hashicorp/google\"]",
      "instances": [
        {
          "schema_version": 1,
          "attributes": {
            "allow": [
              {
                "ports": [
                  "80"
                ],
                "protocol": "tcp"
              }
            ],
            "creation_timestamp": "2026-08-25T20:30:12.094-07:00",
            "deletion_policy": "DELETE",
            "deny": [],
            "description": "",
            "destination_ranges": [],
            "direction": "INGRESS",
            "disabled": false,
            "enable_logging": null,
            "id": "projects/iac-selfhealing/global/firewalls/iac-firewall",
            "log_config": [],
            "name": "iac-firewall",
            "network": "https://www.googleapis.com/compute/v1/projects/iac-selfhealing/global/networks/iac-vnetwork",
            "params": [],
            "priority": 1000,
            "project": "iac-selfhealing",
            "self_link": "https://www.googleapis.com/compute/v1/projects/iac-selfhealing/global/firewalls/iac-firewall",
            "source_ranges": [
              "0.0.0.0/0"
            ],
            "source_service_accounts": null,
            "source_tags": null,
            "target_service_accounts": null,
            "target_tags": [
              "web-server"
            ],
            "timeouts": null
          },
          "sensitive_attributes": [],
          "identity_schema_version": 1,
          "identity": {
            "name": "iac-firewall",
            "project": "iac-selfhealing"
          },
          "private": "eyJlMmJmYjczMC1lY2FhLTExZTYtOGY4OC0zNDM2M2JjN2M0YzAiOnsiY3JlYXRlIjoxMjAwMDAwMDAwMDAwLCJkZWxldGUiOjEyMDAwMDAwMDAwMDAsInVwZGF0ZSI6MTIwMDAwMDAwMDAwMH0sInNjaGVtYV92ZXJzaW9uIjoiMSJ9",
          "dependencies": [
            "module.networking.google_compute_network.iac_vnetwork"
          ]
        }
      ]
    },
    {
      "module": "module.security",
      "mode": "managed",
      "type": "google_compute_firewall",
      "name": "iac_health_check_firewall",
      "provider": "provider[\"registry.terraform.io/hashicorp/google\"]",
      "instances": [
        {
          "schema_version": 1,
          "attributes": {
            "allow": [
              {
                "ports": [
                  "80"
                ],
                "protocol": "tcp"
              }
            ],
            "creation_timestamp": "2026-08-25T20:30:12.110-07:00",
            "deletion_policy": "DELETE",
            "deny": [],
            "description": "",
            "destination_ranges": [],
            "direction": "INGRESS",
            "disabled": false,
            "enable_logging": null,
            "id": "projects/iac-selfhealing/global/firewalls/iac-firewall-health-check",
            "log_config": [],
            "name": "iac-firewall-health-check",
            "network": "https://www.googleapis.com/compute/v1/projects/iac-selfhealing/global/networks/iac-vnetwork",
            "params": [],
            "priority": 1000,
            "project": "iac-selfhealing",
            "self_link": "https://www.googleapis.com/compute/v1/projects/iac-selfhealing/global/firewalls/iac-firewall-health-check",
            "source_ranges": [
              "130.211.0.0/22",
              "35.191.0.0/16"
            ],
            "source_service_accounts": null,
            "source_tags": null,
            "target_service_accounts": null,
            "target_tags": [
              "web-server"
            ],
            "timeouts": null
          },
          "sensitive_attributes": [],
          "identity_schema_version": 1,
          "identity": {
            "name": "iac-firewall-health-check",
            "project": "iac-selfhealing"
          },
          "private": "eyJlMmJmYjczMC1lY2FhLTExZTYtOGY4OC0zNDM2M2JjN2M0YzAiOnsiY3JlYXRlIjoxMjAwMDAwMDAwMDAwLCJkZWxldGUiOjEyMDAwMDAwMDAwMDAsInVwZGF0ZSI6MTIwMDAwMDAwMDAwMH0sInNjaGVtYV92ZXJzaW9uIjoiMSJ9",
          "dependencies": [
            "module.networking.google_compute_network.iac_vnetwork"
          ]
        }
      ]
    }
  ],
  "check_results": null
}
